{
  "name": "boxed-text",
  "version": "1.0.0",
  "lockfileVersion": 3,
  "requires": true,
  "packages": {
    "": {
      "name": "boxed-text",
      "version": "1.0.0",
      "license": "ISC",
      "dependencies": {
        "@cafeine-software/padcenter": "^1.0.4"
      }
    },
    "node_modules/@cafeine-software/padcenter": {
      "version": "1.0.4",
      "resolved": "https://registry.npmjs.org/@cafeine-software/padcenter/-/padcenter-1.0.4.tgz",
      "integrity": "sha512-xucf8wVHAZCK9wtkdP7Rvo1HxHhSXLu6vC2ITRUX551RBsJ/iGPDg90lUCTThYy9IYT3JmCqGSahXv3j6lF7FQ==",
      "license": "CC_BY-SA 4.0"
    }
  }
}
